
Microsoft Visual Studio Solution File, Format Version 12.00
# Visual Studio Version 17
VisualStudioVersion = 17.2.32516.85
MinimumVisualStudioVersion = 10.0.40219.1
Project("{9A19103F-16F7-4668-BE54-9A1E7A4F7556}") = "smabPlayground2020.Server", "smabPlayground2020\Server\smabPlayground2020.Server.csproj", "{82103552-1399-410E-AB6F-1ECB043B348B}"
EndProject
Project("{9A19103F-16F7-4668-BE54-9A1E7A4F7556}") = "smabPlayground2020.Client", "smabPlayground2020\Client\smabPlayground2020.Client.csproj", "{11F2D79B-666D-4601-92A3-63FC3C615241}"
EndProject
Project("{9A19103F-16F7-4668-BE54-9A1E7A4F7556}") = "smabPlayground2020.Shared", "smabPlayground2020\Shared\smabPlayground2020.Shared.csproj", "{2ACF5687-AA83-484D-B9C4-EC8B0739E9A8}"
EndProject
Project("{2150E333-8FDC-42A3-9474-1A3956D46DE8}") = "Solution Items", "Solution Items", "{035B90ED-D184-4A95-9107-D049133C9BC3}"
	ProjectSection(SolutionItems) = preProject
		.editorconfig = .editorconfig
		.github\workflows\docker-publish.yml = .github\workflows\docker-publish.yml
		.github\workflows\smabPlayground2020-dev.yml = .github\workflows\smabPlayground2020-dev.yml
		.github\workflows\smabPlayground2020.yml = .github\workflows\smabPlayground2020.yml
	EndProjectSection
EndProject
Project("{9A19103F-16F7-4668-BE54-9A1E7A4F7556}") = "Smab.PlexInfo", "smabPlayground2020\Smab.PlexInfo\Smab.PlexInfo.csproj", "{7D894E61-0D87-447A-AC89-0B2C8A234074}"
EndProject
Project("{9A19103F-16F7-4668-BE54-9A1E7A4F7556}") = "Smab.PlexInfo.Server", "smabPlayground2020\Smab.PlexInfo.Server\Smab.PlexInfo.Server.csproj", "{60021935-BEB4-4BB3-8691-F6841DA8E58C}"
EndProject
Project("{FAE04EC0-301F-11D3-BF4B-00C04F79EFBC}") = "Smab.PlexInfo.UI", "smabPlayground2020\Smab.PlexInfo.UI\Smab.PlexInfo.UI.csproj", "{247260BD-1EFA-4F8E-B49D-BECDA6910C05}"
EndProject
Global
	GlobalSection(SolutionConfigurationPlatforms) = preSolution
		Debug|Any CPU = Debug|Any CPU
		Release|Any CPU = Release|Any CPU
	EndGlobalSection
	GlobalSection(ProjectConfigurationPlatforms) = postSolution
		{82103552-1399-410E-AB6F-1ECB043B348B}.Debug|Any CPU.ActiveCfg = Debug|Any CPU
		{82103552-1399-410E-AB6F-1ECB043B348B}.Debug|Any CPU.Build.0 = Debug|Any CPU
		{82103552-1399-410E-AB6F-1ECB043B348B}.Release|Any CPU.ActiveCfg = Release|Any CPU
		{82103552-1399-410E-AB6F-1ECB043B348B}.Release|Any CPU.Build.0 = Release|Any CPU
		{11F2D79B-666D-4601-92A3-63FC3C615241}.Debug|Any CPU.ActiveCfg = Debug|Any CPU
		{11F2D79B-666D-4601-92A3-63FC3C615241}.Debug|Any CPU.Build.0 = Debug|Any CPU
		{11F2D79B-666D-4601-92A3-63FC3C615241}.Release|Any CPU.ActiveCfg = Release|Any CPU
		{11F2D79B-666D-4601-92A3-63FC3C615241}.Release|Any CPU.Build.0 = Release|Any CPU
		{2ACF5687-AA83-484D-B9C4-EC8B0739E9A8}.Debug|Any CPU.ActiveCfg = Debug|Any CPU
		{2ACF5687-AA83-484D-B9C4-EC8B0739E9A8}.Debug|Any CPU.Build.0 = Debug|Any CPU
		{2ACF5687-AA83-484D-B9C4-EC8B0739E9A8}.Release|Any CPU.ActiveCfg = Release|Any CPU
		{2ACF5687-AA83-484D-B9C4-EC8B0739E9A8}.Release|Any CPU.Build.0 = Release|Any CPU
		{7D894E61-0D87-447A-AC89-0B2C8A234074}.Debug|Any CPU.ActiveCfg = Debug|Any CPU
		{7D894E61-0D87-447A-AC89-0B2C8A234074}.Debug|Any CPU.Build.0 = Debug|Any CPU
		{7D894E61-0D87-447A-AC89-0B2C8A234074}.Release|Any CPU.ActiveCfg = Release|Any CPU
		{7D894E61-0D87-447A-AC89-0B2C8A234074}.Release|Any CPU.Build.0 = Release|Any CPU
		{60021935-BEB4-4BB3-8691-F6841DA8E58C}.Debug|Any CPU.ActiveCfg = Debug|Any CPU
		{60021935-BEB4-4BB3-8691-F6841DA8E58C}.Debug|Any CPU.Build.0 = Debug|Any CPU
		{60021935-BEB4-4BB3-8691-F6841DA8E58C}.Release|Any CPU.ActiveCfg = Release|Any CPU
		{60021935-BEB4-4BB3-8691-F6841DA8E58C}.Release|Any CPU.Build.0 = Release|Any CPU
		{247260BD-1EFA-4F8E-B49D-BECDA6910C05}.Debug|Any CPU.ActiveCfg = Debug|Any CPU
		{247260BD-1EFA-4F8E-B49D-BECDA6910C05}.Debug|Any CPU.Build.0 = Debug|Any CPU
		{247260BD-1EFA-4F8E-B49D-BECDA6910C05}.Release|Any CPU.ActiveCfg = Release|Any CPU
		{247260BD-1EFA-4F8E-B49D-BECDA6910C05}.Release|Any CPU.Build.0 = Release|Any CPU
	EndGlobalSection
	GlobalSection(SolutionProperties) = preSolution
		HideSolutionNode = FALSE
	EndGlobalSection
	GlobalSection(ExtensibilityGlobals) = postSolution
		SolutionGuid = {04109B3D-4386-4ADB-BD1E-3261178E48D2}
	EndGlobalSection
EndGlobal
