
Microsoft Visual Studio Solution File, Format Version 12.00
# Visual Studio Version 16
VisualStudioVersion = 16.0.30128.74
MinimumVisualStudioVersion = 10.0.40219.1
Project("{9A19103F-16F7-4668-BE54-9A1E7A4F7556}") = "smabPlayground2020.Server", "smabPlayground2020\Server\smabPlayground2020.Server.csproj", "{82103552-1399-410E-AB6F-1ECB043B348B}"
EndProject
Project("{9A19103F-16F7-4668-BE54-9A1E7A4F7556}") = "smabPlayground2020.Client", "smabPlayground2020\Client\smabPlayground2020.Client.csproj", "{11F2D79B-666D-4601-92A3-63FC3C615241}"
EndProject
Project("{9A19103F-16F7-4668-BE54-9A1E7A4F7556}") = "smabPlayground2020.Shared", "smabPlayground2020\Shared\smabPlayground2020.Shared.csproj", "{2ACF5687-AA83-484D-B9C4-EC8B0739E9A8}"
EndProject
Global
	GlobalSection(SolutionConfigurationPlatforms) = preSolution
		Debug|Any CPU = Debug|Any CPU
		Release|Any CPU = Release|Any CPU
	EndGlobalSection
	GlobalSection(ProjectConfigurationPlatforms) = postSolution
		{82103552-1399-410E-AB6F-1ECB043B348B}.Debug|Any CPU.ActiveCfg = Debug|Any CPU
		{82103552-1399-410E-AB6F-1ECB043B348B}.Debug|Any CPU.Build.0 = Debug|Any CPU
		{82103552-1399-410E-AB6F-1ECB043B348B}.Release|Any CPU.ActiveCfg = Release|Any CPU
		{82103552-1399-410E-AB6F-1ECB043B348B}.Release|Any CPU.Build.0 = Release|Any CPU
		{11F2D79B-666D-4601-92A3-63FC3C615241}.Debug|Any CPU.ActiveCfg = Debug|Any CPU
		{11F2D79B-666D-4601-92A3-63FC3C615241}.Debug|Any CPU.Build.0 = Debug|Any CPU
		{11F2D79B-666D-4601-92A3-63FC3C615241}.Release|Any CPU.ActiveCfg = Release|Any CPU
		{11F2D79B-666D-4601-92A3-63FC3C615241}.Release|Any CPU.Build.0 = Release|Any CPU
		{2ACF5687-AA83-484D-B9C4-EC8B0739E9A8}.Debug|Any CPU.ActiveCfg = Debug|Any CPU
		{2ACF5687-AA83-484D-B9C4-EC8B0739E9A8}.Debug|Any CPU.Build.0 = Debug|Any CPU
		{2ACF5687-AA83-484D-B9C4-EC8B0739E9A8}.Release|Any CPU.ActiveCfg = Release|Any CPU
		{2ACF5687-AA83-484D-B9C4-EC8B0739E9A8}.Release|Any CPU.Build.0 = Release|Any CPU
	EndGlobalSection
	GlobalSection(SolutionProperties) = preSolution
		HideSolutionNode = FALSE
	EndGlobalSection
	GlobalSection(ExtensibilityGlobals) = postSolution
		SolutionGuid = {04109B3D-4386-4ADB-BD1E-3261178E48D2}
	EndGlobalSection
EndGlobal
